
Microsoft Visual Studio Solution File, Format Version 12.00
# Visual Studio Version 16
VisualStudioVersion = 16.0.30309.148
MinimumVisualStudioVersion = 10.0.40219.1
Project("{FAE04EC0-301F-11D3-BF4B-00C04F79EFBC}") = "Projestor.WebApi", "AspNetIdentity.WebApi\Projestor.WebApi.csproj", "{CB729860-5E79-4EF6-AB45-277AEC111F29}"
EndProject
Project("{FAE04EC0-301F-11D3-BF4B-00C04F79EFBC}") = "Projestor.Web", "Projestor.Web\Projestor.Web.csproj", "{37FD2D2C-2C28-4D18-9F36-A2FD4D11C132}"
EndProject
Project("{FAE04EC0-301F-11D3-BF4B-00C04F79EFBC}") = "Projestor.Test", "Projestor.Test\Projestor.Test.csproj", "{45C8F980-DCBE-419F-97FB-8FADAED7D24D}"
EndProject
Global
	GlobalSection(SolutionConfigurationPlatforms) = preSolution
		Debug|Any CPU = Debug|Any CPU
		Release|Any CPU = Release|Any CPU
	EndGlobalSection
	GlobalSection(ProjectConfigurationPlatforms) = postSolution
		{CB729860-5E79-4EF6-AB45-277AEC111F29}.Debug|Any CPU.ActiveCfg = Debug|Any CPU
		{CB729860-5E79-4EF6-AB45-277AEC111F29}.Debug|Any CPU.Build.0 = Debug|Any CPU
		{CB729860-5E79-4EF6-AB45-277AEC111F29}.Release|Any CPU.ActiveCfg = Release|Any CPU
		{CB729860-5E79-4EF6-AB45-277AEC111F29}.Release|Any CPU.Build.0 = Release|Any CPU
		{37FD2D2C-2C28-4D18-9F36-A2FD4D11C132}.Debug|Any CPU.ActiveCfg = Debug|Any CPU
		{37FD2D2C-2C28-4D18-9F36-A2FD4D11C132}.Debug|Any CPU.Build.0 = Debug|Any CPU
		{37FD2D2C-2C28-4D18-9F36-A2FD4D11C132}.Release|Any CPU.ActiveCfg = Release|Any CPU
		{37FD2D2C-2C28-4D18-9F36-A2FD4D11C132}.Release|Any CPU.Build.0 = Release|Any CPU
		{45C8F980-DCBE-419F-97FB-8FADAED7D24D}.Debug|Any CPU.ActiveCfg = Debug|Any CPU
		{45C8F980-DCBE-419F-97FB-8FADAED7D24D}.Debug|Any CPU.Build.0 = Debug|Any CPU
		{45C8F980-DCBE-419F-97FB-8FADAED7D24D}.Release|Any CPU.ActiveCfg = Release|Any CPU
		{45C8F980-DCBE-419F-97FB-8FADAED7D24D}.Release|Any CPU.Build.0 = Release|Any CPU
	EndGlobalSection
	GlobalSection(SolutionProperties) = preSolution
		HideSolutionNode = FALSE
	EndGlobalSection
	GlobalSection(ExtensibilityGlobals) = postSolution
		SolutionGuid = {3FC4DD20-8E09-481E-90C6-B6A092BF50DF}
	EndGlobalSection
EndGlobal
